
Microsoft Visual Studio Solution File, Format Version 12.00
# Visual Studio Version 17
VisualStudioVersion = 17.14.36518.9 d17.14
MinimumVisualStudioVersion = 10.0.40219.1
Project("{8BC9CEB8-8B4A-11D0-8D11-00A0C91BC942}") = "AssemblyDemo-FunctionCalling", "AssemblyDemo-FunctionCalling\AssemblyDemo-FunctionCalling.vcxproj", "{F287D719-217B-4961-8BF0-47AFD17A59A8}"
EndProject
Global
	GlobalSection(SolutionConfigurationPlatforms) = preSolution
		Debug|x64 = Debug|x64
		Debug|x86 = Debug|x86
		Release|x64 = Release|x64
		Release|x86 = Release|x86
	EndGlobalSection
	GlobalSection(ProjectConfigurationPlatforms) = postSolution
		{F287D719-217B-4961-8BF0-47AFD17A59A8}.Debug|x64.ActiveCfg = Debug|x64
		{F287D719-217B-4961-8BF0-47AFD17A59A8}.Debug|x64.Build.0 = Debug|x64
		{F287D719-217B-4961-8BF0-47AFD17A59A8}.Debug|x86.ActiveCfg = Debug|Win32
		{F287D719-217B-4961-8BF0-47AFD17A59A8}.Debug|x86.Build.0 = Debug|Win32
		{F287D719-217B-4961-8BF0-47AFD17A59A8}.Release|x64.ActiveCfg = Release|x64
		{F287D719-217B-4961-8BF0-47AFD17A59A8}.Release|x64.Build.0 = Release|x64
		{F287D719-217B-4961-8BF0-47AFD17A59A8}.Release|x86.ActiveCfg = Release|Win32
		{F287D719-217B-4961-8BF0-47AFD17A59A8}.Release|x86.Build.0 = Release|Win32
	EndGlobalSection
	GlobalSection(SolutionProperties) = preSolution
		HideSolutionNode = FALSE
	EndGlobalSection
	GlobalSection(ExtensibilityGlobals) = postSolution
		SolutionGuid = {BD3A2ABE-0774-43C6-84D0-22A03EA4B5E0}
	EndGlobalSection
EndGlobal
